# This file is automatically @generated by Cargo.
# It is not intended for manual editing.
version = 4

[[package]]
name = "chaos-aead"
version = "2.0.0"
dependencies = [
 "chaos-core",
 "chaos-hash",
]

[[package]]
name = "chaos-attack"
version = "2.0.0"
dependencies = [
 "chaos-core",
 "chaos-extract",
]

[[package]]
name = "chaos-burn"
version = "2.0.0"

[[package]]
name = "chaos-cli"
version = "2.0.0"
dependencies = [
 "chaos-aead",
 "chaos-attack",
 "chaos-core",
 "chaos-extract",
 "chaos-hash",
 "chaos-hybrid",
 "chaos-kem",
 "chaos-mlkem",
]

[[package]]
name = "chaos-core"
version = "2.0.0"
dependencies = [
 "chaos-burn",
]

[[package]]
name = "chaos-extract"
version = "2.0.0"
dependencies = [
 "chaos-core",
]

[[package]]
name = "chaos-hash"
version = "2.0.0"
dependencies = [
 "chaos-core",
 "chaos-simd",
]

[[package]]
name = "chaos-hybrid"
version = "2.0.0"
dependencies = [
 "chaos-core",
 "chaos-hash",
 "chaos-kem",
 "chaos-mlkem",
]

[[package]]
name = "chaos-kem"
version = "2.0.0"
dependencies = [
 "chaos-core",
 "chaos-extract",
 "chaos-hash",
]

[[package]]
name = "chaos-mlkem"
version = "2.0.0"
dependencies = [
 "chaos-core",
 "chaos-hash",
 "chaos-simd",
]

[[package]]
name = "chaos-simd"
version = "2.0.0"

[[package]]
name = "chaos-stat"
version = "2.0.0"
dependencies = [
 "chaos-core",
 "chaos-extract",
]
